<?xml version="1.0"?>
<CONFIG>
  <ProjectOptions>
    <PathDelim Value="\"/>
    <Version Value="5"/>
    <General>
      <MainUnit Value="0"/>
      <TargetFileExt Value=".exe"/>
      <ActiveEditorIndexAtStart Value="0"/>
    </General>
    <VersionInfo>
      <ProjectVersion Value=""/>
      <Language Value=""/>
      <CharSet Value=""/>
    </VersionInfo>
    <PublishOptions>
      <Version Value="2"/>
      <IgnoreBinaries Value="False"/>
      <IncludeFileFilter Value="*.(pas|pp|inc|lfm|lpr|lrs|lpi|lpk|sh|xml)"/>
      <ExcludeFileFilter Value="*.(bak|ppu|ppw|o|so);*~;backup"/>
    </PublishOptions>
    <RunParams>
      <local>
        <FormatVersion Value="1"/>
        <LaunchingApplication PathPlusParams="/usr/X11R6/bin/xterm -T 'Lazarus Run Output' -e $(LazarusDir)/tools/runwait.sh $(TargetCmdLine)"/>
      </local>
    </RunParams>
    <RequiredPackages Count="2">
      <Item1>
        <PackageName Value="ACBr_LCL"/>
        <MinVersion Minor="8" Release="5" Valid="True"/>
      </Item1>
      <Item2>
        <PackageName Value="LCL"/>
      </Item2>
    </RequiredPackages>
    <Units Count="3">
      <Unit0>
        <Filename Value="TrocoTeste.lpr"/>
        <IsPartOfProject Value="True"/>
        <UnitName Value="TrocoTeste"/>
        <CursorPos X="47" Y="15"/>
        <TopLine Value="1"/>
        <UsageCount Value="20"/>
      </Unit0>
      <Unit1>
        <Filename Value="trocoteste1.pas"/>
        <ComponentName Value="FrmTroco"/>
        <IsPartOfProject Value="True"/>
        <ResourceFilename Value="trocoteste1.lrs"/>
        <UnitName Value="TrocoTeste1"/>
        <CursorPos X="27" Y="15"/>
        <TopLine Value="7"/>
        <EditorIndex Value="0"/>
        <UsageCount Value="20"/>
        <Loaded Value="True"/>
      </Unit1>
      <Unit2>
        <Filename Value="trocoteste1.lfm"/>
        <CursorPos X="4" Y="175"/>
        <TopLine Value="148"/>
        <UsageCount Value="10"/>
        <SyntaxHighlighter Value="LFM"/>
      </Unit2>
    </Units>
    <JumpHistory Count="9" HistoryIndex="8">
      <Position1>
        <Filename Value="trocoteste1.pas"/>
        <Caret Line="138" Column="5" TopLine="111"/>
      </Position1>
      <Position2>
        <Filename Value="trocoteste1.pas"/>
        <Caret Line="12" Column="17" TopLine="1"/>
      </Position2>
      <Position3>
        <Filename Value="trocoteste1.pas"/>
        <Caret Line="14" Column="27" TopLine="1"/>
      </Position3>
      <Position4>
        <Filename Value="trocoteste1.pas"/>
        <Caret Line="17" Column="18" TopLine="1"/>
      </Position4>
      <Position5>
        <Filename Value="trocoteste1.pas"/>
        <Caret Line="16" Column="23" TopLine="1"/>
      </Position5>
      <Position6>
        <Filename Value="trocoteste1.pas"/>
        <Caret Line="21" Column="14" TopLine="7"/>
      </Position6>
      <Position7>
        <Filename Value="trocoteste1.pas"/>
        <Caret Line="16" Column="22" TopLine="7"/>
      </Position7>
      <Position8>
        <Filename Value="trocoteste1.pas"/>
        <Caret Line="15" Column="27" TopLine="7"/>
      </Position8>
      <Position9>
        <Filename Value="trocoteste1.pas"/>
        <Caret Line="16" Column="20" TopLine="7"/>
      </Position9>
    </JumpHistory>
  </ProjectOptions>
  <CompilerOptions>
    <Version Value="5"/>
    <PathDelim Value="\"/>
    <SearchPaths>
      <SrcPath Value="$(LazarusDir)\lcl\;$(LazarusDir)\lcl\interfaces\$(LCLWidgetType)\"/>
    </SearchPaths>
    <CodeGeneration>
      <Generate Value="Faster"/>
    </CodeGeneration>
    <Linking>
      <Options>
        <Win32>
          <GraphicApplication Value="True"/>
        </Win32>
      </Options>
    </Linking>
    <Other>
      <CompilerPath Value="$(CompPath)"/>
    </Other>
  </CompilerOptions>
  <Debugging>
    <Exceptions Count="2">
      <Item1>
        <Name Value="ECodetoolError"/>
      </Item1>
      <Item2>
        <Name Value="EFOpenError"/>
      </Item2>
    </Exceptions>
  </Debugging>
</CONFIG>
